
Microsoft Visual Studio Solution File, Format Version 12.00
# Visual Studio Version 17
VisualStudioVersion = 17.7.34221.43
MinimumVisualStudioVersion = 10.0.40219.1
Project("{9A19103F-16F7-4668-BE54-9A1E7A4F7556}") = "Gazi.Hello.WorldApp", "Gazi.Hello.WorldApp\Gazi.Hello.WorldApp.csproj", "{EDBCDC53-9C5C-4C70-89A0-3428ABE0A113}"
EndProject
Project("{9A19103F-16F7-4668-BE54-9A1E7A4F7556}") = "Gazi.KaraYapilariApp", "Gazi.KaraYapilariApp\Gazi.KaraYapilariApp.csproj", "{B8AD0142-BAC9-436D-92CA-00E061FC639D}"
EndProject
Project("{9A19103F-16F7-4668-BE54-9A1E7A4F7556}") = "Gazi.DongulerApp", "Gazi.DongulerApp\Gazi.DongulerApp.csproj", "{28D48FF5-2266-4D49-A28F-A7761BF1D652}"
EndProject
Project("{FAE04EC0-301F-11D3-BF4B-00C04F79EFBC}") = "Gazi.DizilerApp", "Gazi.DizilerApp\Gazi.DizilerApp.csproj", "{98D8EDC4-7082-4E95-8B67-BBA19E818B18}"
EndProject
Global
	GlobalSection(SolutionConfigurationPlatforms) = preSolution
		Debug|Any CPU = Debug|Any CPU
		Release|Any CPU = Release|Any CPU
	EndGlobalSection
	GlobalSection(ProjectConfigurationPlatforms) = postSolution
		{EDBCDC53-9C5C-4C70-89A0-3428ABE0A113}.Debug|Any CPU.ActiveCfg = Debug|Any CPU
		{EDBCDC53-9C5C-4C70-89A0-3428ABE0A113}.Debug|Any CPU.Build.0 = Debug|Any CPU
		{EDBCDC53-9C5C-4C70-89A0-3428ABE0A113}.Release|Any CPU.ActiveCfg = Release|Any CPU
		{EDBCDC53-9C5C-4C70-89A0-3428ABE0A113}.Release|Any CPU.Build.0 = Release|Any CPU
		{B8AD0142-BAC9-436D-92CA-00E061FC639D}.Debug|Any CPU.ActiveCfg = Debug|Any CPU
		{B8AD0142-BAC9-436D-92CA-00E061FC639D}.Debug|Any CPU.Build.0 = Debug|Any CPU
		{B8AD0142-BAC9-436D-92CA-00E061FC639D}.Release|Any CPU.ActiveCfg = Release|Any CPU
		{B8AD0142-BAC9-436D-92CA-00E061FC639D}.Release|Any CPU.Build.0 = Release|Any CPU
		{28D48FF5-2266-4D49-A28F-A7761BF1D652}.Debug|Any CPU.ActiveCfg = Debug|Any CPU
		{28D48FF5-2266-4D49-A28F-A7761BF1D652}.Debug|Any CPU.Build.0 = Debug|Any CPU
		{28D48FF5-2266-4D49-A28F-A7761BF1D652}.Release|Any CPU.ActiveCfg = Release|Any CPU
		{28D48FF5-2266-4D49-A28F-A7761BF1D652}.Release|Any CPU.Build.0 = Release|Any CPU
		{98D8EDC4-7082-4E95-8B67-BBA19E818B18}.Debug|Any CPU.ActiveCfg = Debug|Any CPU
		{98D8EDC4-7082-4E95-8B67-BBA19E818B18}.Debug|Any CPU.Build.0 = Debug|Any CPU
		{98D8EDC4-7082-4E95-8B67-BBA19E818B18}.Release|Any CPU.ActiveCfg = Release|Any CPU
		{98D8EDC4-7082-4E95-8B67-BBA19E818B18}.Release|Any CPU.Build.0 = Release|Any CPU
	EndGlobalSection
	GlobalSection(SolutionProperties) = preSolution
		HideSolutionNode = FALSE
	EndGlobalSection
	GlobalSection(ExtensibilityGlobals) = postSolution
		SolutionGuid = {80346179-1458-4E7C-A0B4-1604709149EB}
	EndGlobalSection
EndGlobal
